
Microsoft Visual Studio Solution File, Format Version 12.00
# Visual Studio Version 16
VisualStudioVersion = 16.0.31005.135
MinimumVisualStudioVersion = 10.0.40219.1
Project("{FAE04EC0-301F-11D3-BF4B-00C04F79EFBC}") = "Models.DI", "Models.DI\Models.DI.csproj", "{3DB610EA-2C91-485B-815E-43C3697C4E01}"
EndProject
Project("{FAE04EC0-301F-11D3-BF4B-00C04F79EFBC}") = "ContainerDI", "ContainerDI\ContainerDI.csproj", "{8834EE16-5BE6-40F5-BEA0-BB314F69F63F}"
EndProject
Project("{2150E333-8FDC-42A3-9474-1A3956D46DE8}") = "Test", "Test", "{3816E17A-2007-4C55-A300-7D779A575B06}"
EndProject
Project("{FAE04EC0-301F-11D3-BF4B-00C04F79EFBC}") = "TestContainer", "Test\TestContainer\TestContainer.csproj", "{311A6F52-0644-48EE-BA95-9AAFFF9FB0B1}"
EndProject
Project("{FAE04EC0-301F-11D3-BF4B-00C04F79EFBC}") = "Model", "Models\ModelOne\Model.csproj", "{5E8619CF-C1C6-4027-916A-216B1FD35728}"
EndProject
Project("{2150E333-8FDC-42A3-9474-1A3956D46DE8}") = "Models", "Models", "{522C1525-8584-404C-BB28-9BEC41D9B081}"
EndProject
Global
	GlobalSection(SolutionConfigurationPlatforms) = preSolution
		Debug|Any CPU = Debug|Any CPU
		Release|Any CPU = Release|Any CPU
	EndGlobalSection
	GlobalSection(ProjectConfigurationPlatforms) = postSolution
		{3DB610EA-2C91-485B-815E-43C3697C4E01}.Debug|Any CPU.ActiveCfg = Debug|Any CPU
		{3DB610EA-2C91-485B-815E-43C3697C4E01}.Debug|Any CPU.Build.0 = Debug|Any CPU
		{3DB610EA-2C91-485B-815E-43C3697C4E01}.Release|Any CPU.ActiveCfg = Release|Any CPU
		{3DB610EA-2C91-485B-815E-43C3697C4E01}.Release|Any CPU.Build.0 = Release|Any CPU
		{8834EE16-5BE6-40F5-BEA0-BB314F69F63F}.Debug|Any CPU.ActiveCfg = Debug|Any CPU
		{8834EE16-5BE6-40F5-BEA0-BB314F69F63F}.Debug|Any CPU.Build.0 = Debug|Any CPU
		{8834EE16-5BE6-40F5-BEA0-BB314F69F63F}.Release|Any CPU.ActiveCfg = Release|Any CPU
		{8834EE16-5BE6-40F5-BEA0-BB314F69F63F}.Release|Any CPU.Build.0 = Release|Any CPU
		{311A6F52-0644-48EE-BA95-9AAFFF9FB0B1}.Debug|Any CPU.ActiveCfg = Debug|Any CPU
		{311A6F52-0644-48EE-BA95-9AAFFF9FB0B1}.Debug|Any CPU.Build.0 = Debug|Any CPU
		{311A6F52-0644-48EE-BA95-9AAFFF9FB0B1}.Release|Any CPU.ActiveCfg = Release|Any CPU
		{311A6F52-0644-48EE-BA95-9AAFFF9FB0B1}.Release|Any CPU.Build.0 = Release|Any CPU
		{5E8619CF-C1C6-4027-916A-216B1FD35728}.Debug|Any CPU.ActiveCfg = Debug|Any CPU
		{5E8619CF-C1C6-4027-916A-216B1FD35728}.Debug|Any CPU.Build.0 = Debug|Any CPU
		{5E8619CF-C1C6-4027-916A-216B1FD35728}.Release|Any CPU.ActiveCfg = Release|Any CPU
		{5E8619CF-C1C6-4027-916A-216B1FD35728}.Release|Any CPU.Build.0 = Release|Any CPU
	EndGlobalSection
	GlobalSection(SolutionProperties) = preSolution
		HideSolutionNode = FALSE
	EndGlobalSection
	GlobalSection(NestedProjects) = preSolution
		{311A6F52-0644-48EE-BA95-9AAFFF9FB0B1} = {3816E17A-2007-4C55-A300-7D779A575B06}
		{5E8619CF-C1C6-4027-916A-216B1FD35728} = {522C1525-8584-404C-BB28-9BEC41D9B081}
	EndGlobalSection
	GlobalSection(ExtensibilityGlobals) = postSolution
		SolutionGuid = {52F35172-4DCC-4C3C-BCFC-EEA7DBAF72E2}
	EndGlobalSection
EndGlobal
